
Microsoft Visual Studio Solution File, Format Version 12.00
# Visual Studio 2013
VisualStudioVersion = 12.0.40629.0
MinimumVisualStudioVersion = 10.0.40219.1
Project("{FAE04EC0-301F-11D3-BF4B-00C04F79EFBC}") = "WMTStreampointWorkflowService", "WMTStreampointWorkflowService\WMTStreampointWorkflowService.csproj", "{C1964435-8EF8-4FF0-B2AB-50C241EB114A}"
EndProject
Project("{FAE04EC0-301F-11D3-BF4B-00C04F79EFBC}") = "StreampointWorkflow.BusinessLogic", "StreampointWorkflow.BusinessLogic\StreampointWorkflow.BusinessLogic.csproj", "{BE9B0303-CE1F-49CA-8482-7831E4E9370D}"
EndProject
Project("{FAE04EC0-301F-11D3-BF4B-00C04F79EFBC}") = "LoggerSingleton", "LoggerSingleton\LoggerSingleton.csproj", "{4D07B279-8E61-427D-B804-9EBB03E917F8}"
EndProject
Project("{FAE04EC0-301F-11D3-BF4B-00C04F79EFBC}") = "FileMonitorService.Core", "FileMonitorService.Core\FileMonitorService.Core.csproj", "{C687D274-A7D3-41D8-8432-8F6378575356}"
EndProject
Project("{FAE04EC0-301F-11D3-BF4B-00C04F79EFBC}") = "WMTClasses", "..\..\WmtIntegration\WMTClasses\WMTClasses.csproj", "{E8F10F79-014B-4565-936A-1BE8FC87D744}"
EndProject
Project("{FAE04EC0-301F-11D3-BF4B-00C04F79EFBC}") = "WMTInterplay", "..\..\WmtIntegration\WMTInterplay\WMTInterplay.csproj", "{2CBFA075-F04C-4BDC-8206-7CCBE3ECC18A}"
EndProject
Project("{FAE04EC0-301F-11D3-BF4B-00C04F79EFBC}") = "WebDashboard", "WebDashboard\WebDashboard.csproj", "{9B6D66A3-B1CC-49FB-B935-67C8C3C3BB14}"
EndProject
Project("{FAE04EC0-301F-11D3-BF4B-00C04F79EFBC}") = "FileMonitorService.Models", "FileMonitorService.Models\FileMonitorService.Models.csproj", "{EBB5A336-3B84-438C-A251-A79E7F2A2C22}"
EndProject
Project("{FAE04EC0-301F-11D3-BF4B-00C04F79EFBC}") = "IEdlService", "IEdlLogic\IEdlService.csproj", "{1E451DA9-31C2-4DD9-A284-A86BAB9E5383}"
EndProject
Project("{FAE04EC0-301F-11D3-BF4B-00C04F79EFBC}") = "EdlService", "EdlService\EdlService.csproj", "{E55575C4-228F-403D-A47A-5E550E9D20C9}"
EndProject
Project("{FAE04EC0-301F-11D3-BF4B-00C04F79EFBC}") = "IClipService", "IClipService\IClipService.csproj", "{B1869A1E-D625-4BEF-960A-84D5AAFC182E}"
EndProject
Project("{FAE04EC0-301F-11D3-BF4B-00C04F79EFBC}") = "ClipService", "ClipService\ClipService.csproj", "{73E986EF-5AD1-45EF-8784-0AE0875FB647}"
EndProject
Project("{FAE04EC0-301F-11D3-BF4B-00C04F79EFBC}") = "WMTConfig", "..\..\WmtIntegration\WMTConfig\WMTConfig.csproj", "{2B81C181-8167-435D-94F4-90C53B18F6DD}"
EndProject
Project("{FAE04EC0-301F-11D3-BF4B-00C04F79EFBC}") = "Utilities", "Utilities\Utilities.csproj", "{469F4233-9D16-4C6B-8920-2F984140C14E}"
EndProject
Project("{FAE04EC0-301F-11D3-BF4B-00C04F79EFBC}") = "FileMonitorService.Core.UnitTests", "FileMonitorService.Core.UnitTests\FileMonitorService.Core.UnitTests.csproj", "{1F14D77C-8052-4760-B843-925279D96E48}"
EndProject
Project("{FAE04EC0-301F-11D3-BF4B-00C04F79EFBC}") = "FileMonitorService.Data", "FileMonitorService.Data\FileMonitorService.Data.csproj", "{AF15854E-5C21-4A81-AE59-AFDFC369A539}"
EndProject
Global
	GlobalSection(SolutionConfigurationPlatforms) = preSolution
		Acceptance|Any CPU = Acceptance|Any CPU
		Acceptance|Mixed Platforms = Acceptance|Mixed Platforms
		Acceptance|x64 = Acceptance|x64
		Debug|Any CPU = Debug|Any CPU
		Debug|Mixed Platforms = Debug|Mixed Platforms
		Debug|x64 = Debug|x64
		Production|Any CPU = Production|Any CPU
		Production|Mixed Platforms = Production|Mixed Platforms
		Production|x64 = Production|x64
		Release|Any CPU = Release|Any CPU
		Release|Mixed Platforms = Release|Mixed Platforms
		Release|x64 = Release|x64
		Test|Any CPU = Test|Any CPU
		Test|Mixed Platforms = Test|Mixed Platforms
		Test|x64 = Test|x64
	EndGlobalSection
	GlobalSection(ProjectConfigurationPlatforms) = postSolution
		{C1964435-8EF8-4FF0-B2AB-50C241EB114A}.Acceptance|Any CPU.ActiveCfg = Release|Any CPU
		{C1964435-8EF8-4FF0-B2AB-50C241EB114A}.Acceptance|Any CPU.Build.0 = Release|Any CPU
		{C1964435-8EF8-4FF0-B2AB-50C241EB114A}.Acceptance|Mixed Platforms.ActiveCfg = Debug|Any CPU
		{C1964435-8EF8-4FF0-B2AB-50C241EB114A}.Acceptance|Mixed Platforms.Build.0 = Debug|Any CPU
		{C1964435-8EF8-4FF0-B2AB-50C241EB114A}.Acceptance|x64.ActiveCfg = Debug|Any CPU
		{C1964435-8EF8-4FF0-B2AB-50C241EB114A}.Debug|Any CPU.ActiveCfg = Debug|Any CPU
		{C1964435-8EF8-4FF0-B2AB-50C241EB114A}.Debug|Any CPU.Build.0 = Debug|Any CPU
		{C1964435-8EF8-4FF0-B2AB-50C241EB114A}.Debug|Mixed Platforms.ActiveCfg = Debug|Any CPU
		{C1964435-8EF8-4FF0-B2AB-50C241EB114A}.Debug|Mixed Platforms.Build.0 = Debug|Any CPU
		{C1964435-8EF8-4FF0-B2AB-50C241EB114A}.Debug|x64.ActiveCfg = Debug|x64
		{C1964435-8EF8-4FF0-B2AB-50C241EB114A}.Debug|x64.Build.0 = Debug|x64
		{C1964435-8EF8-4FF0-B2AB-50C241EB114A}.Production|Any CPU.ActiveCfg = Release|Any CPU
		{C1964435-8EF8-4FF0-B2AB-50C241EB114A}.Production|Any CPU.Build.0 = Release|Any CPU
		{C1964435-8EF8-4FF0-B2AB-50C241EB114A}.Production|Mixed Platforms.ActiveCfg = Debug|Any CPU
		{C1964435-8EF8-4FF0-B2AB-50C241EB114A}.Production|Mixed Platforms.Build.0 = Debug|Any CPU
		{C1964435-8EF8-4FF0-B2AB-50C241EB114A}.Production|x64.ActiveCfg = Debug|Any CPU
		{C1964435-8EF8-4FF0-B2AB-50C241EB114A}.Release|Any CPU.ActiveCfg = Release|Any CPU
		{C1964435-8EF8-4FF0-B2AB-50C241EB114A}.Release|Any CPU.Build.0 = Release|Any CPU
		{C1964435-8EF8-4FF0-B2AB-50C241EB114A}.Release|Mixed Platforms.ActiveCfg = Release|Any CPU
		{C1964435-8EF8-4FF0-B2AB-50C241EB114A}.Release|Mixed Platforms.Build.0 = Release|Any CPU
		{C1964435-8EF8-4FF0-B2AB-50C241EB114A}.Release|x64.ActiveCfg = Release|x64
		{C1964435-8EF8-4FF0-B2AB-50C241EB114A}.Release|x64.Build.0 = Release|x64
		{C1964435-8EF8-4FF0-B2AB-50C241EB114A}.Test|Any CPU.ActiveCfg = Release|Any CPU
		{C1964435-8EF8-4FF0-B2AB-50C241EB114A}.Test|Any CPU.Build.0 = Release|Any CPU
		{C1964435-8EF8-4FF0-B2AB-50C241EB114A}.Test|Mixed Platforms.ActiveCfg = Debug|Any CPU
		{C1964435-8EF8-4FF0-B2AB-50C241EB114A}.Test|Mixed Platforms.Build.0 = Debug|Any CPU
		{C1964435-8EF8-4FF0-B2AB-50C241EB114A}.Test|x64.ActiveCfg = Debug|Any CPU
		{BE9B0303-CE1F-49CA-8482-7831E4E9370D}.Acceptance|Any CPU.ActiveCfg = Release|Any CPU
		{BE9B0303-CE1F-49CA-8482-7831E4E9370D}.Acceptance|Any CPU.Build.0 = Release|Any CPU
		{BE9B0303-CE1F-49CA-8482-7831E4E9370D}.Acceptance|Mixed Platforms.ActiveCfg = Debug|Any CPU
		{BE9B0303-CE1F-49CA-8482-7831E4E9370D}.Acceptance|Mixed Platforms.Build.0 = Debug|Any CPU
		{BE9B0303-CE1F-49CA-8482-7831E4E9370D}.Acceptance|x64.ActiveCfg = Debug|Any CPU
		{BE9B0303-CE1F-49CA-8482-7831E4E9370D}.Debug|Any CPU.ActiveCfg = Debug|Any CPU
		{BE9B0303-CE1F-49CA-8482-7831E4E9370D}.Debug|Any CPU.Build.0 = Debug|Any CPU
		{BE9B0303-CE1F-49CA-8482-7831E4E9370D}.Debug|Mixed Platforms.ActiveCfg = Debug|Any CPU
		{BE9B0303-CE1F-49CA-8482-7831E4E9370D}.Debug|Mixed Platforms.Build.0 = Debug|Any CPU
		{BE9B0303-CE1F-49CA-8482-7831E4E9370D}.Debug|x64.ActiveCfg = Debug|x64
		{BE9B0303-CE1F-49CA-8482-7831E4E9370D}.Debug|x64.Build.0 = Debug|x64
		{BE9B0303-CE1F-49CA-8482-7831E4E9370D}.Production|Any CPU.ActiveCfg = Release|Any CPU
		{BE9B0303-CE1F-49CA-8482-7831E4E9370D}.Production|Any CPU.Build.0 = Release|Any CPU
		{BE9B0303-CE1F-49CA-8482-7831E4E9370D}.Production|Mixed Platforms.ActiveCfg = Debug|Any CPU
		{BE9B0303-CE1F-49CA-8482-7831E4E9370D}.Production|Mixed Platforms.Build.0 = Debug|Any CPU
		{BE9B0303-CE1F-49CA-8482-7831E4E9370D}.Production|x64.ActiveCfg = Debug|Any CPU
		{BE9B0303-CE1F-49CA-8482-7831E4E9370D}.Release|Any CPU.ActiveCfg = Release|Any CPU
		{BE9B0303-CE1F-49CA-8482-7831E4E9370D}.Release|Any CPU.Build.0 = Release|Any CPU
		{BE9B0303-CE1F-49CA-8482-7831E4E9370D}.Release|Mixed Platforms.ActiveCfg = Release|Any CPU
		{BE9B0303-CE1F-49CA-8482-7831E4E9370D}.Release|Mixed Platforms.Build.0 = Release|Any CPU
		{BE9B0303-CE1F-49CA-8482-7831E4E9370D}.Release|x64.ActiveCfg = Release|x64
		{BE9B0303-CE1F-49CA-8482-7831E4E9370D}.Release|x64.Build.0 = Release|x64
		{BE9B0303-CE1F-49CA-8482-7831E4E9370D}.Test|Any CPU.ActiveCfg = Release|Any CPU
		{BE9B0303-CE1F-49CA-8482-7831E4E9370D}.Test|Any CPU.Build.0 = Release|Any CPU
		{BE9B0303-CE1F-49CA-8482-7831E4E9370D}.Test|Mixed Platforms.ActiveCfg = Debug|Any CPU
		{BE9B0303-CE1F-49CA-8482-7831E4E9370D}.Test|Mixed Platforms.Build.0 = Debug|Any CPU
		{BE9B0303-CE1F-49CA-8482-7831E4E9370D}.Test|x64.ActiveCfg = Debug|Any CPU
		{4D07B279-8E61-427D-B804-9EBB03E917F8}.Acceptance|Any CPU.ActiveCfg = Release|Any CPU
		{4D07B279-8E61-427D-B804-9EBB03E917F8}.Acceptance|Any CPU.Build.0 = Release|Any CPU
		{4D07B279-8E61-427D-B804-9EBB03E917F8}.Acceptance|Mixed Platforms.ActiveCfg = Debug|Any CPU
		{4D07B279-8E61-427D-B804-9EBB03E917F8}.Acceptance|Mixed Platforms.Build.0 = Debug|Any CPU
		{4D07B279-8E61-427D-B804-9EBB03E917F8}.Acceptance|x64.ActiveCfg = Debug|Any CPU
		{4D07B279-8E61-427D-B804-9EBB03E917F8}.Debug|Any CPU.ActiveCfg = Debug|Any CPU
		{4D07B279-8E61-427D-B804-9EBB03E917F8}.Debug|Any CPU.Build.0 = Debug|Any CPU
		{4D07B279-8E61-427D-B804-9EBB03E917F8}.Debug|Mixed Platforms.ActiveCfg = Debug|Any CPU
		{4D07B279-8E61-427D-B804-9EBB03E917F8}.Debug|Mixed Platforms.Build.0 = Debug|Any CPU
		{4D07B279-8E61-427D-B804-9EBB03E917F8}.Debug|x64.ActiveCfg = Debug|x64
		{4D07B279-8E61-427D-B804-9EBB03E917F8}.Debug|x64.Build.0 = Debug|x64
		{4D07B279-8E61-427D-B804-9EBB03E917F8}.Production|Any CPU.ActiveCfg = Release|Any CPU
		{4D07B279-8E61-427D-B804-9EBB03E917F8}.Production|Any CPU.Build.0 = Release|Any CPU
		{4D07B279-8E61-427D-B804-9EBB03E917F8}.Production|Mixed Platforms.ActiveCfg = Debug|Any CPU
		{4D07B279-8E61-427D-B804-9EBB03E917F8}.Production|Mixed Platforms.Build.0 = Debug|Any CPU
		{4D07B279-8E61-427D-B804-9EBB03E917F8}.Production|x64.ActiveCfg = Debug|Any CPU
		{4D07B279-8E61-427D-B804-9EBB03E917F8}.Release|Any CPU.ActiveCfg = Release|Any CPU
		{4D07B279-8E61-427D-B804-9EBB03E917F8}.Release|Any CPU.Build.0 = Release|Any CPU
		{4D07B279-8E61-427D-B804-9EBB03E917F8}.Release|Mixed Platforms.ActiveCfg = Release|Any CPU
		{4D07B279-8E61-427D-B804-9EBB03E917F8}.Release|Mixed Platforms.Build.0 = Release|Any CPU
		{4D07B279-8E61-427D-B804-9EBB03E917F8}.Release|x64.ActiveCfg = Release|x64
		{4D07B279-8E61-427D-B804-9EBB03E917F8}.Release|x64.Build.0 = Release|x64
		{4D07B279-8E61-427D-B804-9EBB03E917F8}.Test|Any CPU.ActiveCfg = Release|Any CPU
		{4D07B279-8E61-427D-B804-9EBB03E917F8}.Test|Any CPU.Build.0 = Release|Any CPU
		{4D07B279-8E61-427D-B804-9EBB03E917F8}.Test|Mixed Platforms.ActiveCfg = Debug|Any CPU
		{4D07B279-8E61-427D-B804-9EBB03E917F8}.Test|Mixed Platforms.Build.0 = Debug|Any CPU
		{4D07B279-8E61-427D-B804-9EBB03E917F8}.Test|x64.ActiveCfg = Debug|Any CPU
		{C687D274-A7D3-41D8-8432-8F6378575356}.Acceptance|Any CPU.ActiveCfg = Acceptance|Any CPU
		{C687D274-A7D3-41D8-8432-8F6378575356}.Acceptance|Any CPU.Build.0 = Acceptance|Any CPU
		{C687D274-A7D3-41D8-8432-8F6378575356}.Acceptance|Mixed Platforms.ActiveCfg = Acceptance|Any CPU
		{C687D274-A7D3-41D8-8432-8F6378575356}.Acceptance|Mixed Platforms.Build.0 = Acceptance|Any CPU
		{C687D274-A7D3-41D8-8432-8F6378575356}.Acceptance|x64.ActiveCfg = Acceptance|Any CPU
		{C687D274-A7D3-41D8-8432-8F6378575356}.Debug|Any CPU.ActiveCfg = Debug|Any CPU
		{C687D274-A7D3-41D8-8432-8F6378575356}.Debug|Any CPU.Build.0 = Debug|Any CPU
		{C687D274-A7D3-41D8-8432-8F6378575356}.Debug|Mixed Platforms.ActiveCfg = Debug|Any CPU
		{C687D274-A7D3-41D8-8432-8F6378575356}.Debug|Mixed Platforms.Build.0 = Debug|Any CPU
		{C687D274-A7D3-41D8-8432-8F6378575356}.Debug|x64.ActiveCfg = Debug|x64
		{C687D274-A7D3-41D8-8432-8F6378575356}.Debug|x64.Build.0 = Debug|x64
		{C687D274-A7D3-41D8-8432-8F6378575356}.Production|Any CPU.ActiveCfg = Production|Any CPU
		{C687D274-A7D3-41D8-8432-8F6378575356}.Production|Any CPU.Build.0 = Production|Any CPU
		{C687D274-A7D3-41D8-8432-8F6378575356}.Production|Mixed Platforms.ActiveCfg = Production|Any CPU
		{C687D274-A7D3-41D8-8432-8F6378575356}.Production|Mixed Platforms.Build.0 = Production|Any CPU
		{C687D274-A7D3-41D8-8432-8F6378575356}.Production|x64.ActiveCfg = Production|Any CPU
		{C687D274-A7D3-41D8-8432-8F6378575356}.Release|Any CPU.ActiveCfg = Release|Any CPU
		{C687D274-A7D3-41D8-8432-8F6378575356}.Release|Any CPU.Build.0 = Release|Any CPU
		{C687D274-A7D3-41D8-8432-8F6378575356}.Release|Mixed Platforms.ActiveCfg = Release|Any CPU
		{C687D274-A7D3-41D8-8432-8F6378575356}.Release|Mixed Platforms.Build.0 = Release|Any CPU
		{C687D274-A7D3-41D8-8432-8F6378575356}.Release|x64.ActiveCfg = Release|x64
		{C687D274-A7D3-41D8-8432-8F6378575356}.Release|x64.Build.0 = Release|x64
		{C687D274-A7D3-41D8-8432-8F6378575356}.Test|Any CPU.ActiveCfg = Test|Any CPU
		{C687D274-A7D3-41D8-8432-8F6378575356}.Test|Any CPU.Build.0 = Test|Any CPU
		{C687D274-A7D3-41D8-8432-8F6378575356}.Test|Mixed Platforms.ActiveCfg = Test|Any CPU
		{C687D274-A7D3-41D8-8432-8F6378575356}.Test|Mixed Platforms.Build.0 = Test|Any CPU
		{C687D274-A7D3-41D8-8432-8F6378575356}.Test|x64.ActiveCfg = Test|Any CPU
		{E8F10F79-014B-4565-936A-1BE8FC87D744}.Acceptance|Any CPU.ActiveCfg = Release|Any CPU
		{E8F10F79-014B-4565-936A-1BE8FC87D744}.Acceptance|Any CPU.Build.0 = Release|Any CPU
		{E8F10F79-014B-4565-936A-1BE8FC87D744}.Acceptance|Mixed Platforms.ActiveCfg = Debug|Any CPU
		{E8F10F79-014B-4565-936A-1BE8FC87D744}.Acceptance|Mixed Platforms.Build.0 = Debug|Any CPU
		{E8F10F79-014B-4565-936A-1BE8FC87D744}.Acceptance|x64.ActiveCfg = Release|x64
		{E8F10F79-014B-4565-936A-1BE8FC87D744}.Acceptance|x64.Build.0 = Release|x64
		{E8F10F79-014B-4565-936A-1BE8FC87D744}.Debug|Any CPU.ActiveCfg = Debug|Any CPU
		{E8F10F79-014B-4565-936A-1BE8FC87D744}.Debug|Any CPU.Build.0 = Debug|Any CPU
		{E8F10F79-014B-4565-936A-1BE8FC87D744}.Debug|Mixed Platforms.ActiveCfg = Debug|Any CPU
		{E8F10F79-014B-4565-936A-1BE8FC87D744}.Debug|Mixed Platforms.Build.0 = Debug|Any CPU
		{E8F10F79-014B-4565-936A-1BE8FC87D744}.Debug|x64.ActiveCfg = Debug|x64
		{E8F10F79-014B-4565-936A-1BE8FC87D744}.Debug|x64.Build.0 = Debug|x64
		{E8F10F79-014B-4565-936A-1BE8FC87D744}.Production|Any CPU.ActiveCfg = Release|Any CPU
		{E8F10F79-014B-4565-936A-1BE8FC87D744}.Production|Any CPU.Build.0 = Release|Any CPU
		{E8F10F79-014B-4565-936A-1BE8FC87D744}.Production|Mixed Platforms.ActiveCfg = Debug|Any CPU
		{E8F10F79-014B-4565-936A-1BE8FC87D744}.Production|Mixed Platforms.Build.0 = Debug|Any CPU
		{E8F10F79-014B-4565-936A-1BE8FC87D744}.Production|x64.ActiveCfg = Release|x64
		{E8F10F79-014B-4565-936A-1BE8FC87D744}.Production|x64.Build.0 = Release|x64
		{E8F10F79-014B-4565-936A-1BE8FC87D744}.Release|Any CPU.ActiveCfg = Release|Any CPU
		{E8F10F79-014B-4565-936A-1BE8FC87D744}.Release|Any CPU.Build.0 = Release|Any CPU
		{E8F10F79-014B-4565-936A-1BE8FC87D744}.Release|Mixed Platforms.ActiveCfg = Release|Any CPU
		{E8F10F79-014B-4565-936A-1BE8FC87D744}.Release|Mixed Platforms.Build.0 = Release|Any CPU
		{E8F10F79-014B-4565-936A-1BE8FC87D744}.Release|x64.ActiveCfg = Release|x64
		{E8F10F79-014B-4565-936A-1BE8FC87D744}.Release|x64.Build.0 = Release|x64
		{E8F10F79-014B-4565-936A-1BE8FC87D744}.Test|Any CPU.ActiveCfg = Release|Any CPU
		{E8F10F79-014B-4565-936A-1BE8FC87D744}.Test|Any CPU.Build.0 = Release|Any CPU
		{E8F10F79-014B-4565-936A-1BE8FC87D744}.Test|Mixed Platforms.ActiveCfg = Debug|Any CPU
		{E8F10F79-014B-4565-936A-1BE8FC87D744}.Test|Mixed Platforms.Build.0 = Debug|Any CPU
		{E8F10F79-014B-4565-936A-1BE8FC87D744}.Test|x64.ActiveCfg = Release|x64
		{E8F10F79-014B-4565-936A-1BE8FC87D744}.Test|x64.Build.0 = Release|x64
		{2CBFA075-F04C-4BDC-8206-7CCBE3ECC18A}.Acceptance|Any CPU.ActiveCfg = Release|Any CPU
		{2CBFA075-F04C-4BDC-8206-7CCBE3ECC18A}.Acceptance|Any CPU.Build.0 = Release|Any CPU
		{2CBFA075-F04C-4BDC-8206-7CCBE3ECC18A}.Acceptance|Mixed Platforms.ActiveCfg = Debug|Any CPU
		{2CBFA075-F04C-4BDC-8206-7CCBE3ECC18A}.Acceptance|Mixed Platforms.Build.0 = Debug|Any CPU
		{2CBFA075-F04C-4BDC-8206-7CCBE3ECC18A}.Acceptance|x64.ActiveCfg = Release|x64
		{2CBFA075-F04C-4BDC-8206-7CCBE3ECC18A}.Acceptance|x64.Build.0 = Release|x64
		{2CBFA075-F04C-4BDC-8206-7CCBE3ECC18A}.Debug|Any CPU.ActiveCfg = Debug|Any CPU
		{2CBFA075-F04C-4BDC-8206-7CCBE3ECC18A}.Debug|Any CPU.Build.0 = Debug|Any CPU
		{2CBFA075-F04C-4BDC-8206-7CCBE3ECC18A}.Debug|Mixed Platforms.ActiveCfg = Debug|Any CPU
		{2CBFA075-F04C-4BDC-8206-7CCBE3ECC18A}.Debug|Mixed Platforms.Build.0 = Debug|Any CPU
		{2CBFA075-F04C-4BDC-8206-7CCBE3ECC18A}.Debug|x64.ActiveCfg = Debug|x64
		{2CBFA075-F04C-4BDC-8206-7CCBE3ECC18A}.Debug|x64.Build.0 = Debug|x64
		{2CBFA075-F04C-4BDC-8206-7CCBE3ECC18A}.Production|Any CPU.ActiveCfg = Release|Any CPU
		{2CBFA075-F04C-4BDC-8206-7CCBE3ECC18A}.Production|Any CPU.Build.0 = Release|Any CPU
		{2CBFA075-F04C-4BDC-8206-7CCBE3ECC18A}.Production|Mixed Platforms.ActiveCfg = Debug|Any CPU
		{2CBFA075-F04C-4BDC-8206-7CCBE3ECC18A}.Production|Mixed Platforms.Build.0 = Debug|Any CPU
		{2CBFA075-F04C-4BDC-8206-7CCBE3ECC18A}.Production|x64.ActiveCfg = Release|x64
		{2CBFA075-F04C-4BDC-8206-7CCBE3ECC18A}.Production|x64.Build.0 = Release|x64
		{2CBFA075-F04C-4BDC-8206-7CCBE3ECC18A}.Release|Any CPU.ActiveCfg = Release|Any CPU
		{2CBFA075-F04C-4BDC-8206-7CCBE3ECC18A}.Release|Any CPU.Build.0 = Release|Any CPU
		{2CBFA075-F04C-4BDC-8206-7CCBE3ECC18A}.Release|Mixed Platforms.ActiveCfg = Release|Any CPU
		{2CBFA075-F04C-4BDC-8206-7CCBE3ECC18A}.Release|Mixed Platforms.Build.0 = Release|Any CPU
		{2CBFA075-F04C-4BDC-8206-7CCBE3ECC18A}.Release|x64.ActiveCfg = Release|x64
		{2CBFA075-F04C-4BDC-8206-7CCBE3ECC18A}.Release|x64.Build.0 = Release|x64
		{2CBFA075-F04C-4BDC-8206-7CCBE3ECC18A}.Test|Any CPU.ActiveCfg = Release|Any CPU
		{2CBFA075-F04C-4BDC-8206-7CCBE3ECC18A}.Test|Any CPU.Build.0 = Release|Any CPU
		{2CBFA075-F04C-4BDC-8206-7CCBE3ECC18A}.Test|Mixed Platforms.ActiveCfg = Debug|Any CPU
		{2CBFA075-F04C-4BDC-8206-7CCBE3ECC18A}.Test|Mixed Platforms.Build.0 = Debug|Any CPU
		{2CBFA075-F04C-4BDC-8206-7CCBE3ECC18A}.Test|x64.ActiveCfg = Release|x64
		{2CBFA075-F04C-4BDC-8206-7CCBE3ECC18A}.Test|x64.Build.0 = Release|x64
		{9B6D66A3-B1CC-49FB-B935-67C8C3C3BB14}.Acceptance|Any CPU.ActiveCfg = Release|Any CPU
		{9B6D66A3-B1CC-49FB-B935-67C8C3C3BB14}.Acceptance|Any CPU.Build.0 = Release|Any CPU
		{9B6D66A3-B1CC-49FB-B935-67C8C3C3BB14}.Acceptance|Mixed Platforms.ActiveCfg = Release|Any CPU
		{9B6D66A3-B1CC-49FB-B935-67C8C3C3BB14}.Acceptance|Mixed Platforms.Build.0 = Release|Any CPU
		{9B6D66A3-B1CC-49FB-B935-67C8C3C3BB14}.Acceptance|x64.ActiveCfg = Release|Any CPU
		{9B6D66A3-B1CC-49FB-B935-67C8C3C3BB14}.Debug|Any CPU.ActiveCfg = Debug|Any CPU
		{9B6D66A3-B1CC-49FB-B935-67C8C3C3BB14}.Debug|Any CPU.Build.0 = Debug|Any CPU
		{9B6D66A3-B1CC-49FB-B935-67C8C3C3BB14}.Debug|Mixed Platforms.ActiveCfg = Debug|Any CPU
		{9B6D66A3-B1CC-49FB-B935-67C8C3C3BB14}.Debug|Mixed Platforms.Build.0 = Debug|Any CPU
		{9B6D66A3-B1CC-49FB-B935-67C8C3C3BB14}.Debug|x64.ActiveCfg = Debug|x64
		{9B6D66A3-B1CC-49FB-B935-67C8C3C3BB14}.Debug|x64.Build.0 = Debug|x64
		{9B6D66A3-B1CC-49FB-B935-67C8C3C3BB14}.Production|Any CPU.ActiveCfg = Release|Any CPU
		{9B6D66A3-B1CC-49FB-B935-67C8C3C3BB14}.Production|Any CPU.Build.0 = Release|Any CPU
		{9B6D66A3-B1CC-49FB-B935-67C8C3C3BB14}.Production|Mixed Platforms.ActiveCfg = Release|Any CPU
		{9B6D66A3-B1CC-49FB-B935-67C8C3C3BB14}.Production|Mixed Platforms.Build.0 = Release|Any CPU
		{9B6D66A3-B1CC-49FB-B935-67C8C3C3BB14}.Production|x64.ActiveCfg = Release|Any CPU
		{9B6D66A3-B1CC-49FB-B935-67C8C3C3BB14}.Release|Any CPU.ActiveCfg = Release|Any CPU
		{9B6D66A3-B1CC-49FB-B935-67C8C3C3BB14}.Release|Any CPU.Build.0 = Release|Any CPU
		{9B6D66A3-B1CC-49FB-B935-67C8C3C3BB14}.Release|Mixed Platforms.ActiveCfg = Release|Any CPU
		{9B6D66A3-B1CC-49FB-B935-67C8C3C3BB14}.Release|Mixed Platforms.Build.0 = Release|Any CPU
		{9B6D66A3-B1CC-49FB-B935-67C8C3C3BB14}.Release|x64.ActiveCfg = Release|x64
		{9B6D66A3-B1CC-49FB-B935-67C8C3C3BB14}.Release|x64.Build.0 = Release|x64
		{9B6D66A3-B1CC-49FB-B935-67C8C3C3BB14}.Test|Any CPU.ActiveCfg = Release|Any CPU
		{9B6D66A3-B1CC-49FB-B935-67C8C3C3BB14}.Test|Any CPU.Build.0 = Release|Any CPU
		{9B6D66A3-B1CC-49FB-B935-67C8C3C3BB14}.Test|Mixed Platforms.ActiveCfg = Release|Any CPU
		{9B6D66A3-B1CC-49FB-B935-67C8C3C3BB14}.Test|Mixed Platforms.Build.0 = Release|Any CPU
		{9B6D66A3-B1CC-49FB-B935-67C8C3C3BB14}.Test|x64.ActiveCfg = Release|Any CPU
		{EBB5A336-3B84-438C-A251-A79E7F2A2C22}.Acceptance|Any CPU.ActiveCfg = Release|Any CPU
		{EBB5A336-3B84-438C-A251-A79E7F2A2C22}.Acceptance|Any CPU.Build.0 = Release|Any CPU
		{EBB5A336-3B84-438C-A251-A79E7F2A2C22}.Acceptance|Mixed Platforms.ActiveCfg = Release|Any CPU
		{EBB5A336-3B84-438C-A251-A79E7F2A2C22}.Acceptance|Mixed Platforms.Build.0 = Release|Any CPU
		{EBB5A336-3B84-438C-A251-A79E7F2A2C22}.Acceptance|x64.ActiveCfg = Release|Any CPU
		{EBB5A336-3B84-438C-A251-A79E7F2A2C22}.Debug|Any CPU.ActiveCfg = Debug|Any CPU
		{EBB5A336-3B84-438C-A251-A79E7F2A2C22}.Debug|Any CPU.Build.0 = Debug|Any CPU
		{EBB5A336-3B84-438C-A251-A79E7F2A2C22}.Debug|Mixed Platforms.ActiveCfg = Debug|Any CPU
		{EBB5A336-3B84-438C-A251-A79E7F2A2C22}.Debug|Mixed Platforms.Build.0 = Debug|Any CPU
		{EBB5A336-3B84-438C-A251-A79E7F2A2C22}.Debug|x64.ActiveCfg = Debug|x64
		{EBB5A336-3B84-438C-A251-A79E7F2A2C22}.Debug|x64.Build.0 = Debug|x64
		{EBB5A336-3B84-438C-A251-A79E7F2A2C22}.Production|Any CPU.ActiveCfg = Release|Any CPU
		{EBB5A336-3B84-438C-A251-A79E7F2A2C22}.Production|Any CPU.Build.0 = Release|Any CPU
		{EBB5A336-3B84-438C-A251-A79E7F2A2C22}.Production|Mixed Platforms.ActiveCfg = Release|Any CPU
		{EBB5A336-3B84-438C-A251-A79E7F2A2C22}.Production|Mixed Platforms.Build.0 = Release|Any CPU
		{EBB5A336-3B84-438C-A251-A79E7F2A2C22}.Production|x64.ActiveCfg = Release|Any CPU
		{EBB5A336-3B84-438C-A251-A79E7F2A2C22}.Release|Any CPU.ActiveCfg = Release|Any CPU
		{EBB5A336-3B84-438C-A251-A79E7F2A2C22}.Release|Any CPU.Build.0 = Release|Any CPU
		{EBB5A336-3B84-438C-A251-A79E7F2A2C22}.Release|Mixed Platforms.ActiveCfg = Release|Any CPU
		{EBB5A336-3B84-438C-A251-A79E7F2A2C22}.Release|Mixed Platforms.Build.0 = Release|Any CPU
		{EBB5A336-3B84-438C-A251-A79E7F2A2C22}.Release|x64.ActiveCfg = Release|x64
		{EBB5A336-3B84-438C-A251-A79E7F2A2C22}.Release|x64.Build.0 = Release|x64
		{EBB5A336-3B84-438C-A251-A79E7F2A2C22}.Test|Any CPU.ActiveCfg = Release|Any CPU
		{EBB5A336-3B84-438C-A251-A79E7F2A2C22}.Test|Any CPU.Build.0 = Release|Any CPU
		{EBB5A336-3B84-438C-A251-A79E7F2A2C22}.Test|Mixed Platforms.ActiveCfg = Release|Any CPU
		{EBB5A336-3B84-438C-A251-A79E7F2A2C22}.Test|Mixed Platforms.Build.0 = Release|Any CPU
		{EBB5A336-3B84-438C-A251-A79E7F2A2C22}.Test|x64.ActiveCfg = Release|Any CPU
		{1E451DA9-31C2-4DD9-A284-A86BAB9E5383}.Acceptance|Any CPU.ActiveCfg = Release|Any CPU
		{1E451DA9-31C2-4DD9-A284-A86BAB9E5383}.Acceptance|Any CPU.Build.0 = Release|Any CPU
		{1E451DA9-31C2-4DD9-A284-A86BAB9E5383}.Acceptance|Mixed Platforms.ActiveCfg = Release|Any CPU
		{1E451DA9-31C2-4DD9-A284-A86BAB9E5383}.Acceptance|Mixed Platforms.Build.0 = Release|Any CPU
		{1E451DA9-31C2-4DD9-A284-A86BAB9E5383}.Acceptance|x64.ActiveCfg = Release|Any CPU
		{1E451DA9-31C2-4DD9-A284-A86BAB9E5383}.Debug|Any CPU.ActiveCfg = Debug|Any CPU
		{1E451DA9-31C2-4DD9-A284-A86BAB9E5383}.Debug|Any CPU.Build.0 = Debug|Any CPU
		{1E451DA9-31C2-4DD9-A284-A86BAB9E5383}.Debug|Mixed Platforms.ActiveCfg = Debug|Any CPU
		{1E451DA9-31C2-4DD9-A284-A86BAB9E5383}.Debug|Mixed Platforms.Build.0 = Debug|Any CPU
		{1E451DA9-31C2-4DD9-A284-A86BAB9E5383}.Debug|x64.ActiveCfg = Debug|x64
		{1E451DA9-31C2-4DD9-A284-A86BAB9E5383}.Debug|x64.Build.0 = Debug|x64
		{1E451DA9-31C2-4DD9-A284-A86BAB9E5383}.Production|Any CPU.ActiveCfg = Release|Any CPU
		{1E451DA9-31C2-4DD9-A284-A86BAB9E5383}.Production|Any CPU.Build.0 = Release|Any CPU
		{1E451DA9-31C2-4DD9-A284-A86BAB9E5383}.Production|Mixed Platforms.ActiveCfg = Release|Any CPU
		{1E451DA9-31C2-4DD9-A284-A86BAB9E5383}.Production|Mixed Platforms.Build.0 = Release|Any CPU
		{1E451DA9-31C2-4DD9-A284-A86BAB9E5383}.Production|x64.ActiveCfg = Release|Any CPU
		{1E451DA9-31C2-4DD9-A284-A86BAB9E5383}.Release|Any CPU.ActiveCfg = Release|Any CPU
		{1E451DA9-31C2-4DD9-A284-A86BAB9E5383}.Release|Any CPU.Build.0 = Release|Any CPU
		{1E451DA9-31C2-4DD9-A284-A86BAB9E5383}.Release|Mixed Platforms.ActiveCfg = Release|Any CPU
		{1E451DA9-31C2-4DD9-A284-A86BAB9E5383}.Release|Mixed Platforms.Build.0 = Release|Any CPU
		{1E451DA9-31C2-4DD9-A284-A86BAB9E5383}.Release|x64.ActiveCfg = Release|x64
		{1E451DA9-31C2-4DD9-A284-A86BAB9E5383}.Release|x64.Build.0 = Release|x64
		{1E451DA9-31C2-4DD9-A284-A86BAB9E5383}.Test|Any CPU.ActiveCfg = Release|Any CPU
		{1E451DA9-31C2-4DD9-A284-A86BAB9E5383}.Test|Any CPU.Build.0 = Release|Any CPU
		{1E451DA9-31C2-4DD9-A284-A86BAB9E5383}.Test|Mixed Platforms.ActiveCfg = Release|Any CPU
		{1E451DA9-31C2-4DD9-A284-A86BAB9E5383}.Test|Mixed Platforms.Build.0 = Release|Any CPU
		{1E451DA9-31C2-4DD9-A284-A86BAB9E5383}.Test|x64.ActiveCfg = Release|Any CPU
		{E55575C4-228F-403D-A47A-5E550E9D20C9}.Acceptance|Any CPU.ActiveCfg = Release|Any CPU
		{E55575C4-228F-403D-A47A-5E550E9D20C9}.Acceptance|Any CPU.Build.0 = Release|Any CPU
		{E55575C4-228F-403D-A47A-5E550E9D20C9}.Acceptance|Mixed Platforms.ActiveCfg = Release|Any CPU
		{E55575C4-228F-403D-A47A-5E550E9D20C9}.Acceptance|Mixed Platforms.Build.0 = Release|Any CPU
		{E55575C4-228F-403D-A47A-5E550E9D20C9}.Acceptance|x64.ActiveCfg = Release|Any CPU
		{E55575C4-228F-403D-A47A-5E550E9D20C9}.Debug|Any CPU.ActiveCfg = Debug|Any CPU
		{E55575C4-228F-403D-A47A-5E550E9D20C9}.Debug|Any CPU.Build.0 = Debug|Any CPU
		{E55575C4-228F-403D-A47A-5E550E9D20C9}.Debug|Mixed Platforms.ActiveCfg = Debug|Any CPU
		{E55575C4-228F-403D-A47A-5E550E9D20C9}.Debug|Mixed Platforms.Build.0 = Debug|Any CPU
		{E55575C4-228F-403D-A47A-5E550E9D20C9}.Debug|x64.ActiveCfg = Debug|x64
		{E55575C4-228F-403D-A47A-5E550E9D20C9}.Debug|x64.Build.0 = Debug|x64
		{E55575C4-228F-403D-A47A-5E550E9D20C9}.Production|Any CPU.ActiveCfg = Release|Any CPU
		{E55575C4-228F-403D-A47A-5E550E9D20C9}.Production|Any CPU.Build.0 = Release|Any CPU
		{E55575C4-228F-403D-A47A-5E550E9D20C9}.Production|Mixed Platforms.ActiveCfg = Release|Any CPU
		{E55575C4-228F-403D-A47A-5E550E9D20C9}.Production|Mixed Platforms.Build.0 = Release|Any CPU
		{E55575C4-228F-403D-A47A-5E550E9D20C9}.Production|x64.ActiveCfg = Release|Any CPU
		{E55575C4-228F-403D-A47A-5E550E9D20C9}.Release|Any CPU.ActiveCfg = Release|Any CPU
		{E55575C4-228F-403D-A47A-5E550E9D20C9}.Release|Any CPU.Build.0 = Release|Any CPU
		{E55575C4-228F-403D-A47A-5E550E9D20C9}.Release|Mixed Platforms.ActiveCfg = Release|Any CPU
		{E55575C4-228F-403D-A47A-5E550E9D20C9}.Release|Mixed Platforms.Build.0 = Release|Any CPU
		{E55575C4-228F-403D-A47A-5E550E9D20C9}.Release|x64.ActiveCfg = Release|x64
		{E55575C4-228F-403D-A47A-5E550E9D20C9}.Release|x64.Build.0 = Release|x64
		{E55575C4-228F-403D-A47A-5E550E9D20C9}.Test|Any CPU.ActiveCfg = Release|Any CPU
		{E55575C4-228F-403D-A47A-5E550E9D20C9}.Test|Any CPU.Build.0 = Release|Any CPU
		{E55575C4-228F-403D-A47A-5E550E9D20C9}.Test|Mixed Platforms.ActiveCfg = Release|Any CPU
		{E55575C4-228F-403D-A47A-5E550E9D20C9}.Test|Mixed Platforms.Build.0 = Release|Any CPU
		{E55575C4-228F-403D-A47A-5E550E9D20C9}.Test|x64.ActiveCfg = Release|Any CPU
		{B1869A1E-D625-4BEF-960A-84D5AAFC182E}.Acceptance|Any CPU.ActiveCfg = Release|Any CPU
		{B1869A1E-D625-4BEF-960A-84D5AAFC182E}.Acceptance|Any CPU.Build.0 = Release|Any CPU
		{B1869A1E-D625-4BEF-960A-84D5AAFC182E}.Acceptance|Mixed Platforms.ActiveCfg = Release|Any CPU
		{B1869A1E-D625-4BEF-960A-84D5AAFC182E}.Acceptance|Mixed Platforms.Build.0 = Release|Any CPU
		{B1869A1E-D625-4BEF-960A-84D5AAFC182E}.Acceptance|x64.ActiveCfg = Release|Any CPU
		{B1869A1E-D625-4BEF-960A-84D5AAFC182E}.Debug|Any CPU.ActiveCfg = Debug|Any CPU
		{B1869A1E-D625-4BEF-960A-84D5AAFC182E}.Debug|Any CPU.Build.0 = Debug|Any CPU
		{B1869A1E-D625-4BEF-960A-84D5AAFC182E}.Debug|Mixed Platforms.ActiveCfg = Debug|Any CPU
		{B1869A1E-D625-4BEF-960A-84D5AAFC182E}.Debug|Mixed Platforms.Build.0 = Debug|Any CPU
		{B1869A1E-D625-4BEF-960A-84D5AAFC182E}.Debug|x64.ActiveCfg = Debug|x64
		{B1869A1E-D625-4BEF-960A-84D5AAFC182E}.Debug|x64.Build.0 = Debug|x64
		{B1869A1E-D625-4BEF-960A-84D5AAFC182E}.Production|Any CPU.ActiveCfg = Release|Any CPU
		{B1869A1E-D625-4BEF-960A-84D5AAFC182E}.Production|Any CPU.Build.0 = Release|Any CPU
		{B1869A1E-D625-4BEF-960A-84D5AAFC182E}.Production|Mixed Platforms.ActiveCfg = Release|Any CPU
		{B1869A1E-D625-4BEF-960A-84D5AAFC182E}.Production|Mixed Platforms.Build.0 = Release|Any CPU
		{B1869A1E-D625-4BEF-960A-84D5AAFC182E}.Production|x64.ActiveCfg = Release|Any CPU
		{B1869A1E-D625-4BEF-960A-84D5AAFC182E}.Release|Any CPU.ActiveCfg = Release|Any CPU
		{B1869A1E-D625-4BEF-960A-84D5AAFC182E}.Release|Any CPU.Build.0 = Release|Any CPU
		{B1869A1E-D625-4BEF-960A-84D5AAFC182E}.Release|Mixed Platforms.ActiveCfg = Release|Any CPU
		{B1869A1E-D625-4BEF-960A-84D5AAFC182E}.Release|Mixed Platforms.Build.0 = Release|Any CPU
		{B1869A1E-D625-4BEF-960A-84D5AAFC182E}.Release|x64.ActiveCfg = Release|x64
		{B1869A1E-D625-4BEF-960A-84D5AAFC182E}.Release|x64.Build.0 = Release|x64
		{B1869A1E-D625-4BEF-960A-84D5AAFC182E}.Test|Any CPU.ActiveCfg = Release|Any CPU
		{B1869A1E-D625-4BEF-960A-84D5AAFC182E}.Test|Any CPU.Build.0 = Release|Any CPU
		{B1869A1E-D625-4BEF-960A-84D5AAFC182E}.Test|Mixed Platforms.ActiveCfg = Release|Any CPU
		{B1869A1E-D625-4BEF-960A-84D5AAFC182E}.Test|Mixed Platforms.Build.0 = Release|Any CPU
		{B1869A1E-D625-4BEF-960A-84D5AAFC182E}.Test|x64.ActiveCfg = Release|Any CPU
		{73E986EF-5AD1-45EF-8784-0AE0875FB647}.Acceptance|Any CPU.ActiveCfg = Release|Any CPU
		{73E986EF-5AD1-45EF-8784-0AE0875FB647}.Acceptance|Any CPU.Build.0 = Release|Any CPU
		{73E986EF-5AD1-45EF-8784-0AE0875FB647}.Acceptance|Mixed Platforms.ActiveCfg = Release|Any CPU
		{73E986EF-5AD1-45EF-8784-0AE0875FB647}.Acceptance|Mixed Platforms.Build.0 = Release|Any CPU
		{73E986EF-5AD1-45EF-8784-0AE0875FB647}.Acceptance|x64.ActiveCfg = Release|Any CPU
		{73E986EF-5AD1-45EF-8784-0AE0875FB647}.Debug|Any CPU.ActiveCfg = Debug|Any CPU
		{73E986EF-5AD1-45EF-8784-0AE0875FB647}.Debug|Any CPU.Build.0 = Debug|Any CPU
		{73E986EF-5AD1-45EF-8784-0AE0875FB647}.Debug|Mixed Platforms.ActiveCfg = Debug|Any CPU
		{73E986EF-5AD1-45EF-8784-0AE0875FB647}.Debug|Mixed Platforms.Build.0 = Debug|Any CPU
		{73E986EF-5AD1-45EF-8784-0AE0875FB647}.Debug|x64.ActiveCfg = Debug|x64
		{73E986EF-5AD1-45EF-8784-0AE0875FB647}.Debug|x64.Build.0 = Debug|x64
		{73E986EF-5AD1-45EF-8784-0AE0875FB647}.Production|Any CPU.ActiveCfg = Release|Any CPU
		{73E986EF-5AD1-45EF-8784-0AE0875FB647}.Production|Any CPU.Build.0 = Release|Any CPU
		{73E986EF-5AD1-45EF-8784-0AE0875FB647}.Production|Mixed Platforms.ActiveCfg = Release|Any CPU
		{73E986EF-5AD1-45EF-8784-0AE0875FB647}.Production|Mixed Platforms.Build.0 = Release|Any CPU
		{73E986EF-5AD1-45EF-8784-0AE0875FB647}.Production|x64.ActiveCfg = Release|Any CPU
		{73E986EF-5AD1-45EF-8784-0AE0875FB647}.Release|Any CPU.ActiveCfg = Release|Any CPU
		{73E986EF-5AD1-45EF-8784-0AE0875FB647}.Release|Any CPU.Build.0 = Release|Any CPU
		{73E986EF-5AD1-45EF-8784-0AE0875FB647}.Release|Mixed Platforms.ActiveCfg = Release|Any CPU
		{73E986EF-5AD1-45EF-8784-0AE0875FB647}.Release|Mixed Platforms.Build.0 = Release|Any CPU
		{73E986EF-5AD1-45EF-8784-0AE0875FB647}.Release|x64.ActiveCfg = Release|x64
		{73E986EF-5AD1-45EF-8784-0AE0875FB647}.Release|x64.Build.0 = Release|x64
		{73E986EF-5AD1-45EF-8784-0AE0875FB647}.Test|Any CPU.ActiveCfg = Release|Any CPU
		{73E986EF-5AD1-45EF-8784-0AE0875FB647}.Test|Any CPU.Build.0 = Release|Any CPU
		{73E986EF-5AD1-45EF-8784-0AE0875FB647}.Test|Mixed Platforms.ActiveCfg = Release|Any CPU
		{73E986EF-5AD1-45EF-8784-0AE0875FB647}.Test|Mixed Platforms.Build.0 = Release|Any CPU
		{73E986EF-5AD1-45EF-8784-0AE0875FB647}.Test|x64.ActiveCfg = Release|Any CPU
		{2B81C181-8167-435D-94F4-90C53B18F6DD}.Acceptance|Any CPU.ActiveCfg = Release|Any CPU
		{2B81C181-8167-435D-94F4-90C53B18F6DD}.Acceptance|Any CPU.Build.0 = Release|Any CPU
		{2B81C181-8167-435D-94F4-90C53B18F6DD}.Acceptance|Mixed Platforms.ActiveCfg = Release|Any CPU
		{2B81C181-8167-435D-94F4-90C53B18F6DD}.Acceptance|Mixed Platforms.Build.0 = Release|Any CPU
		{2B81C181-8167-435D-94F4-90C53B18F6DD}.Acceptance|x64.ActiveCfg = Release|x64
		{2B81C181-8167-435D-94F4-90C53B18F6DD}.Acceptance|x64.Build.0 = Release|x64
		{2B81C181-8167-435D-94F4-90C53B18F6DD}.Debug|Any CPU.ActiveCfg = Debug|Any CPU
		{2B81C181-8167-435D-94F4-90C53B18F6DD}.Debug|Any CPU.Build.0 = Debug|Any CPU
		{2B81C181-8167-435D-94F4-90C53B18F6DD}.Debug|Mixed Platforms.ActiveCfg = Debug|Any CPU
		{2B81C181-8167-435D-94F4-90C53B18F6DD}.Debug|Mixed Platforms.Build.0 = Debug|Any CPU
		{2B81C181-8167-435D-94F4-90C53B18F6DD}.Debug|x64.ActiveCfg = Debug|x64
		{2B81C181-8167-435D-94F4-90C53B18F6DD}.Debug|x64.Build.0 = Debug|x64
		{2B81C181-8167-435D-94F4-90C53B18F6DD}.Production|Any CPU.ActiveCfg = Release|Any CPU
		{2B81C181-8167-435D-94F4-90C53B18F6DD}.Production|Any CPU.Build.0 = Release|Any CPU
		{2B81C181-8167-435D-94F4-90C53B18F6DD}.Production|Mixed Platforms.ActiveCfg = Release|Any CPU
		{2B81C181-8167-435D-94F4-90C53B18F6DD}.Production|Mixed Platforms.Build.0 = Release|Any CPU
		{2B81C181-8167-435D-94F4-90C53B18F6DD}.Production|x64.ActiveCfg = Release|x64
		{2B81C181-8167-435D-94F4-90C53B18F6DD}.Production|x64.Build.0 = Release|x64
		{2B81C181-8167-435D-94F4-90C53B18F6DD}.Release|Any CPU.ActiveCfg = Release|Any CPU
		{2B81C181-8167-435D-94F4-90C53B18F6DD}.Release|Any CPU.Build.0 = Release|Any CPU
		{2B81C181-8167-435D-94F4-90C53B18F6DD}.Release|Mixed Platforms.ActiveCfg = Release|Any CPU
		{2B81C181-8167-435D-94F4-90C53B18F6DD}.Release|Mixed Platforms.Build.0 = Release|Any CPU
		{2B81C181-8167-435D-94F4-90C53B18F6DD}.Release|x64.ActiveCfg = Release|x64
		{2B81C181-8167-435D-94F4-90C53B18F6DD}.Release|x64.Build.0 = Release|x64
		{2B81C181-8167-435D-94F4-90C53B18F6DD}.Test|Any CPU.ActiveCfg = Release|Any CPU
		{2B81C181-8167-435D-94F4-90C53B18F6DD}.Test|Any CPU.Build.0 = Release|Any CPU
		{2B81C181-8167-435D-94F4-90C53B18F6DD}.Test|Mixed Platforms.ActiveCfg = Release|Any CPU
		{2B81C181-8167-435D-94F4-90C53B18F6DD}.Test|Mixed Platforms.Build.0 = Release|Any CPU
		{2B81C181-8167-435D-94F4-90C53B18F6DD}.Test|x64.ActiveCfg = Release|x64
		{2B81C181-8167-435D-94F4-90C53B18F6DD}.Test|x64.Build.0 = Release|x64
		{469F4233-9D16-4C6B-8920-2F984140C14E}.Acceptance|Any CPU.ActiveCfg = Release|Any CPU
		{469F4233-9D16-4C6B-8920-2F984140C14E}.Acceptance|Any CPU.Build.0 = Release|Any CPU
		{469F4233-9D16-4C6B-8920-2F984140C14E}.Acceptance|Mixed Platforms.ActiveCfg = Release|Any CPU
		{469F4233-9D16-4C6B-8920-2F984140C14E}.Acceptance|Mixed Platforms.Build.0 = Release|Any CPU
		{469F4233-9D16-4C6B-8920-2F984140C14E}.Acceptance|x64.ActiveCfg = Release|Any CPU
		{469F4233-9D16-4C6B-8920-2F984140C14E}.Debug|Any CPU.ActiveCfg = Debug|Any CPU
		{469F4233-9D16-4C6B-8920-2F984140C14E}.Debug|Any CPU.Build.0 = Debug|Any CPU
		{469F4233-9D16-4C6B-8920-2F984140C14E}.Debug|Mixed Platforms.ActiveCfg = Debug|Any CPU
		{469F4233-9D16-4C6B-8920-2F984140C14E}.Debug|Mixed Platforms.Build.0 = Debug|Any CPU
		{469F4233-9D16-4C6B-8920-2F984140C14E}.Debug|x64.ActiveCfg = Debug|x64
		{469F4233-9D16-4C6B-8920-2F984140C14E}.Debug|x64.Build.0 = Debug|x64
		{469F4233-9D16-4C6B-8920-2F984140C14E}.Production|Any CPU.ActiveCfg = Release|Any CPU
		{469F4233-9D16-4C6B-8920-2F984140C14E}.Production|Any CPU.Build.0 = Release|Any CPU
		{469F4233-9D16-4C6B-8920-2F984140C14E}.Production|Mixed Platforms.ActiveCfg = Release|Any CPU
		{469F4233-9D16-4C6B-8920-2F984140C14E}.Production|Mixed Platforms.Build.0 = Release|Any CPU
		{469F4233-9D16-4C6B-8920-2F984140C14E}.Production|x64.ActiveCfg = Release|Any CPU
		{469F4233-9D16-4C6B-8920-2F984140C14E}.Release|Any CPU.ActiveCfg = Release|Any CPU
		{469F4233-9D16-4C6B-8920-2F984140C14E}.Release|Any CPU.Build.0 = Release|Any CPU
		{469F4233-9D16-4C6B-8920-2F984140C14E}.Release|Mixed Platforms.ActiveCfg = Release|Any CPU
		{469F4233-9D16-4C6B-8920-2F984140C14E}.Release|Mixed Platforms.Build.0 = Release|Any CPU
		{469F4233-9D16-4C6B-8920-2F984140C14E}.Release|x64.ActiveCfg = Release|x64
		{469F4233-9D16-4C6B-8920-2F984140C14E}.Release|x64.Build.0 = Release|x64
		{469F4233-9D16-4C6B-8920-2F984140C14E}.Test|Any CPU.ActiveCfg = Release|Any CPU
		{469F4233-9D16-4C6B-8920-2F984140C14E}.Test|Any CPU.Build.0 = Release|Any CPU
		{469F4233-9D16-4C6B-8920-2F984140C14E}.Test|Mixed Platforms.ActiveCfg = Release|Any CPU
		{469F4233-9D16-4C6B-8920-2F984140C14E}.Test|Mixed Platforms.Build.0 = Release|Any CPU
		{469F4233-9D16-4C6B-8920-2F984140C14E}.Test|x64.ActiveCfg = Release|Any CPU
		{1F14D77C-8052-4760-B843-925279D96E48}.Acceptance|Any CPU.ActiveCfg = Release|Any CPU
		{1F14D77C-8052-4760-B843-925279D96E48}.Acceptance|Any CPU.Build.0 = Release|Any CPU
		{1F14D77C-8052-4760-B843-925279D96E48}.Acceptance|Mixed Platforms.ActiveCfg = Release|Any CPU
		{1F14D77C-8052-4760-B843-925279D96E48}.Acceptance|Mixed Platforms.Build.0 = Release|Any CPU
		{1F14D77C-8052-4760-B843-925279D96E48}.Acceptance|x64.ActiveCfg = Release|Any CPU
		{1F14D77C-8052-4760-B843-925279D96E48}.Debug|Any CPU.ActiveCfg = Debug|Any CPU
		{1F14D77C-8052-4760-B843-925279D96E48}.Debug|Any CPU.Build.0 = Debug|Any CPU
		{1F14D77C-8052-4760-B843-925279D96E48}.Debug|Mixed Platforms.ActiveCfg = Debug|Any CPU
		{1F14D77C-8052-4760-B843-925279D96E48}.Debug|Mixed Platforms.Build.0 = Debug|Any CPU
		{1F14D77C-8052-4760-B843-925279D96E48}.Debug|x64.ActiveCfg = Debug|Any CPU
		{1F14D77C-8052-4760-B843-925279D96E48}.Production|Any CPU.ActiveCfg = Release|Any CPU
		{1F14D77C-8052-4760-B843-925279D96E48}.Production|Any CPU.Build.0 = Release|Any CPU
		{1F14D77C-8052-4760-B843-925279D96E48}.Production|Mixed Platforms.ActiveCfg = Release|Any CPU
		{1F14D77C-8052-4760-B843-925279D96E48}.Production|Mixed Platforms.Build.0 = Release|Any CPU
		{1F14D77C-8052-4760-B843-925279D96E48}.Production|x64.ActiveCfg = Release|Any CPU
		{1F14D77C-8052-4760-B843-925279D96E48}.Release|Any CPU.ActiveCfg = Release|Any CPU
		{1F14D77C-8052-4760-B843-925279D96E48}.Release|Any CPU.Build.0 = Release|Any CPU
		{1F14D77C-8052-4760-B843-925279D96E48}.Release|Mixed Platforms.ActiveCfg = Release|Any CPU
		{1F14D77C-8052-4760-B843-925279D96E48}.Release|Mixed Platforms.Build.0 = Release|Any CPU
		{1F14D77C-8052-4760-B843-925279D96E48}.Release|x64.ActiveCfg = Release|Any CPU
		{1F14D77C-8052-4760-B843-925279D96E48}.Test|Any CPU.ActiveCfg = Release|Any CPU
		{1F14D77C-8052-4760-B843-925279D96E48}.Test|Any CPU.Build.0 = Release|Any CPU
		{1F14D77C-8052-4760-B843-925279D96E48}.Test|Mixed Platforms.ActiveCfg = Release|Any CPU
		{1F14D77C-8052-4760-B843-925279D96E48}.Test|Mixed Platforms.Build.0 = Release|Any CPU
		{1F14D77C-8052-4760-B843-925279D96E48}.Test|x64.ActiveCfg = Release|Any CPU
		{AF15854E-5C21-4A81-AE59-AFDFC369A539}.Acceptance|Any CPU.ActiveCfg = Release|Any CPU
		{AF15854E-5C21-4A81-AE59-AFDFC369A539}.Acceptance|Any CPU.Build.0 = Release|Any CPU
		{AF15854E-5C21-4A81-AE59-AFDFC369A539}.Acceptance|Mixed Platforms.ActiveCfg = Release|Any CPU
		{AF15854E-5C21-4A81-AE59-AFDFC369A539}.Acceptance|Mixed Platforms.Build.0 = Release|Any CPU
		{AF15854E-5C21-4A81-AE59-AFDFC369A539}.Acceptance|x64.ActiveCfg = Release|Any CPU
		{AF15854E-5C21-4A81-AE59-AFDFC369A539}.Debug|Any CPU.ActiveCfg = Debug|Any CPU
		{AF15854E-5C21-4A81-AE59-AFDFC369A539}.Debug|Any CPU.Build.0 = Debug|Any CPU
		{AF15854E-5C21-4A81-AE59-AFDFC369A539}.Debug|Mixed Platforms.ActiveCfg = Debug|Any CPU
		{AF15854E-5C21-4A81-AE59-AFDFC369A539}.Debug|Mixed Platforms.Build.0 = Debug|Any CPU
		{AF15854E-5C21-4A81-AE59-AFDFC369A539}.Debug|x64.ActiveCfg = Debug|Any CPU
		{AF15854E-5C21-4A81-AE59-AFDFC369A539}.Production|Any CPU.ActiveCfg = Release|Any CPU
		{AF15854E-5C21-4A81-AE59-AFDFC369A539}.Production|Any CPU.Build.0 = Release|Any CPU
		{AF15854E-5C21-4A81-AE59-AFDFC369A539}.Production|Mixed Platforms.ActiveCfg = Release|Any CPU
		{AF15854E-5C21-4A81-AE59-AFDFC369A539}.Production|Mixed Platforms.Build.0 = Release|Any CPU
		{AF15854E-5C21-4A81-AE59-AFDFC369A539}.Production|x64.ActiveCfg = Release|Any CPU
		{AF15854E-5C21-4A81-AE59-AFDFC369A539}.Release|Any CPU.ActiveCfg = Release|Any CPU
		{AF15854E-5C21-4A81-AE59-AFDFC369A539}.Release|Any CPU.Build.0 = Release|Any CPU
		{AF15854E-5C21-4A81-AE59-AFDFC369A539}.Release|Mixed Platforms.ActiveCfg = Release|Any CPU
		{AF15854E-5C21-4A81-AE59-AFDFC369A539}.Release|Mixed Platforms.Build.0 = Release|Any CPU
		{AF15854E-5C21-4A81-AE59-AFDFC369A539}.Release|x64.ActiveCfg = Release|Any CPU
		{AF15854E-5C21-4A81-AE59-AFDFC369A539}.Test|Any CPU.ActiveCfg = Release|Any CPU
		{AF15854E-5C21-4A81-AE59-AFDFC369A539}.Test|Any CPU.Build.0 = Release|Any CPU
		{AF15854E-5C21-4A81-AE59-AFDFC369A539}.Test|Mixed Platforms.ActiveCfg = Release|Any CPU
		{AF15854E-5C21-4A81-AE59-AFDFC369A539}.Test|Mixed Platforms.Build.0 = Release|Any CPU
		{AF15854E-5C21-4A81-AE59-AFDFC369A539}.Test|x64.ActiveCfg = Release|Any CPU
	EndGlobalSection
	GlobalSection(SolutionProperties) = preSolution
		HideSolutionNode = FALSE
	EndGlobalSection
EndGlobal
